// !$*UTF8*$!
{
	archiveVersion = 1;
	classes = {
	};
	objectVersion = 46;
	objects = {

/* Begin PBXBuildFile section */
		226530491F07C36300B4EE67 /* AppDelegate.swift in Sources */ = {isa = PBXBuildFile; fileRef = 226530481F07C36300B4EE67 /* AppDelegate.swift */; };
		2265304B1F07C36300B4EE67 /* ViewController.swift in Sources */ = {isa = PBXBuildFile; fileRef = 2265304A1F07C36300B4EE67 /* ViewController.swift */; };
		2265304E1F07C36300B4EE67 /* Main.storyboard in Resources */ = {isa = PBXBuildFile; fileRef = 2265304C1F07C36300B4EE67 /* Main.storyboard */; };
		226530501F07C36300B4EE67 /* Assets.xcassets in Resources */ = {isa = PBXBuildFile; fileRef = 2265304F1F07C36300B4EE67 /* Assets.xcassets */; };
		226530531F07C36300B4EE67 /* LaunchScreen.storyboard in Resources */ = {isa = PBXBuildFile; fileRef = 226530511F07C36300B4EE67 /* LaunchScreen.storyboard */; };
		2265305E1F07C36300B4EE67 /* YelpAndGoogleMapTests.swift in Sources */ = {isa = PBXBuildFile; fileRef = 2265305D1F07C36300B4EE67 /* YelpAndGoogleMapTests.swift */; };
		226530691F07C36300B4EE67 /* YelpAndGoogleMapUITests.swift in Sources */ = {isa = PBXBuildFile; fileRef = 226530681F07C36300B4EE67 /* YelpAndGoogleMapUITests.swift */; };
/* End PBXBuildFile section */

/* Begin PBXContainerItemProxy section */
		2265305A1F07C36300B4EE67 /* PBXContainerItemProxy */ = {
			isa = PBXContainerItemProxy;
			containerPortal = 2265303D1F07C36300B4EE67 /* Project object */;
			proxyType = 1;
			remoteGlobalIDString = 226530441F07C36300B4EE67;
			remoteInfo = YelpAndGoogleMap;
		};
		226530651F07C36300B4EE67 /* PBXContainerItemProxy */ = {
			isa = PBXContainerItemProxy;
			containerPortal = 2265303D1F07C36300B4EE67 /* Project object */;
			proxyType = 1;
			remoteGlobalIDString = 226530441F07C36300B4EE67;
			remoteInfo = YelpAndGoogleMap;
		};
/* End PBXContainerItemProxy section */

/* Begin PBXFileReference section */
		226530451F07C36300B4EE67 /* YelpAndGoogleMap.app */ = {isa = PBXFileReference; explicitFileType = wrapper.application; includeInIndex = 0; path = YelpAndGoogleMap.app; sourceTree = BUILT_PRODUCTS_DIR; };
		226530481F07C36300B4EE67 /* AppDelegate.swift */ = {isa = PBXFileReference; lastKnownFileType = sourcecode.swift; path = AppDelegate.swift; sourceTree = "<group>"; };
		2265304A1F07C36300B4EE67 /* ViewController.swift */ = {isa = PBXFileReference; lastKnownFileType = sourcecode.swift; path = ViewController.swift; sourceTree = "<group>"; };
		2265304D1F07C36300B4EE67 /* Base */ = {isa = PBXFileReference; lastKnownFileType = file.storyboard; name = Base; path = Base.lproj/Main.storyboard; sourceTree = "<group>"; };
		2265304F1F07C36300B4EE67 /* Assets.xcassets */ = {isa = PBXFileReference; lastKnownFileType = folder.assetcatalog; path = Assets.xcassets; sourceTree = "<group>"; };
		226530521F07C36300B4EE67 /* Base */ = {isa = PBXFileReference; lastKnownFileType = file.storyboard; name = Base; path = Base.lproj/LaunchScreen.storyboard; sourceTree = "<group>"; };
		226530541F07C36300B4EE67 /* Info.plist */ = {isa = PBXFileReference; lastKnownFileType = text.plist.xml; path = Info.plist; sourceTree = "<group>"; };
		226530591F07C36300B4EE67 /* YelpAndGoogleMapTests.xctest */ = {isa = PBXFileReference; explicitFileType = wrapper.cfbundle; includeInIndex = 0; path = YelpAndGoogleMapTests.xctest; sourceTree = BUILT_PRODUCTS_DIR; };
		2265305D1F07C36300B4EE67 /* YelpAndGoogleMapTests.swift */ = {isa = PBXFileReference; lastKnownFileType = sourcecode.swift; path = YelpAndGoogleMapTests.swift; sourceTree = "<group>"; };
		2265305F1F07C36300B4EE67 /* Info.plist */ = {isa = PBXFileReference; lastKnownFileType = text.plist.xml; path = Info.plist; sourceTree = "<group>"; };
		226530641F07C36300B4EE67 /* YelpAndGoogleMapUITests.xctest */ = {isa = PBXFileReference; explicitFileType = wrapper.cfbundle; includeInIndex = 0; path = YelpAndGoogleMapUITests.xctest; sourceTree = BUILT_PRODUCTS_DIR; };
		226530681F07C36300B4EE67 /* YelpAndGoogleMapUITests.swift */ = {isa = PBXFileReference; lastKnownFileType = sourcecode.swift; path = YelpAndGoogleMapUITests.swift; sourceTree = "<group>"; };
		2265306A1F07C36300B4EE67 /* Info.plist */ = {isa = PBXFileReference; lastKnownFileType = text.plist.xml; path = Info.plist; sourceTree = "<group>"; };
/* End PBXFileReference section */

/* Begin PBXFrameworksBuildPhase section */
		226530421F07C36300B4EE67 /* Frameworks */ = {
			isa = PBXFrameworksBuildPhase;
			buildActionMask = 2147483647;
			files = (
			);
			runOnlyForDeploymentPostprocessing = 0;
		};
		226530561F07C36300B4EE67 /* Frameworks */ = {
			isa = PBXFrameworksBuildPhase;
			buildActionMask = 2147483647;
			files = (
			);
			runOnlyForDeploymentPostprocessing = 0;
		};
		226530611F07C36300B4EE67 /* Frameworks */ = {
			isa = PBXFrameworksBuildPhase;
			buildActionMask = 2147483647;
			files = (
			);
			runOnlyForDeploymentPostprocessing = 0;
		};
/* End PBXFrameworksBuildPhase section */

/* Begin PBXGroup section */
		2265303C1F07C36300B4EE67 = {
			isa = PBXGroup;
			children = (
				226530471F07C36300B4EE67 /* YelpAndGoogleMap */,
				2265305C1F07C36300B4EE67 /* YelpAndGoogleMapTests */,
				226530671F07C36300B4EE67 /* YelpAndGoogleMapUITests */,
				226530461F07C36300B4EE67 /* Products */,
			);
			sourceTree = "<group>";
		};
		226530461F07C36300B4EE67 /* Products */ = {
			isa = PBXGroup;
			children = (
				226530451F07C36300B4EE67 /* YelpAndGoogleMap.app */,
				226530591F07C36300B4EE67 /* YelpAndGoogleMapTests.xctest */,
				226530641F07C36300B4EE67 /* YelpAndGoogleMapUITests.xctest */,
			);
			name = Products;
			sourceTree = "<group>";
		};
		226530471F07C36300B4EE67 /* YelpAndGoogleMap */ = {
			isa = PBXGroup;
			children = (
				226530481F07C36300B4EE67 /* AppDelegate.swift */,
				2265304A1F07C36300B4EE67 /* ViewController.swift */,
				2265304C1F07C36300B4EE67 /* Main.storyboard */,
				2265304F1F07C36300B4EE67 /* Assets.xcassets */,
				226530511F07C36300B4EE67 /* LaunchScreen.storyboard */,
				226530541F07C36300B4EE67 /* Info.plist */,
			);
			path = YelpAndGoogleMap;
			sourceTree = "<group>";
		};
		2265305C1F07C36300B4EE67 /* YelpAndGoogleMapTests */ = {
			isa = PBXGroup;
			children = (
				2265305D1F07C36300B4EE67 /* YelpAndGoogleMapTests.swift */,
				2265305F1F07C36300B4EE67 /* Info.plist */,
			);
			path = YelpAndGoogleMapTests;
			sourceTree = "<group>";
		};
		226530671F07C36300B4EE67 /* YelpAndGoogleMapUITests */ = {
			isa = PBXGroup;
			children = (
				226530681F07C36300B4EE67 /* YelpAndGoogleMapUITests.swift */,
				2265306A1F07C36300B4EE67 /* Info.plist */,
			);
			path = YelpAndGoogleMapUITests;
			sourceTree = "<group>";
		};
/* End PBXGroup section */

/* Begin PBXNativeTarget section */
		226530441F07C36300B4EE67 /* YelpAndGoogleMap */ = {
			isa = PBXNativeTarget;
			buildConfigurationList = 2265306D1F07C36300B4EE67 /* Build configuration list for PBXNativeTarget "YelpAndGoogleMap" */;
			buildPhases = (
				226530411F07C36300B4EE67 /* Sources */,
				226530421F07C36300B4EE67 /* Frameworks */,
				226530431F07C36300B4EE67 /* Resources */,
			);
			buildRules = (
			);
			dependencies = (
			);
			name = YelpAndGoogleMap;
			productName = YelpAndGoogleMap;
			productReference = 226530451F07C36300B4EE67 /* YelpAndGoogleMap.app */;
			productType = "com.apple.product-type.application";
		};
		226530581F07C36300B4EE67 /* YelpAndGoogleMapTests */ = {
			isa = PBXNativeTarget;
			buildConfigurationList = 226530701F07C36300B4EE67 /* Build configuration list for PBXNativeTarget "YelpAndGoogleMapTests" */;
			buildPhases = (
				226530551F07C36300B4EE67 /* Sources */,
				226530561F07C36300B4EE67 /* Frameworks */,
				226530571F07C36300B4EE67 /* Resources */,
			);
			buildRules = (
			);
			dependencies = (
				2265305B1F07C36300B4EE67 /* PBXTargetDependency */,
			);
			name = YelpAndGoogleMapTests;
			productName = YelpAndGoogleMapTests;
			productReference = 226530591F07C36300B4EE67 /* YelpAndGoogleMapTests.xctest */;
			productType = "com.apple.product-type.bundle.unit-test";
		};
		226530631F07C36300B4EE67 /* YelpAndGoogleMapUITests */ = {
			isa = PBXNativeTarget;
			buildConfigurationList = 226530731F07C36300B4EE67 /* Build configuration list for PBXNativeTarget "YelpAndGoogleMapUITests" */;
			buildPhases = (
				226530601F07C36300B4EE67 /* Sources */,
				226530611F07C36300B4EE67 /* Frameworks */,
				226530621F07C36300B4EE67 /* Resources */,
			);
			buildRules = (
			);
			dependencies = (
				226530661F07C36300B4EE67 /* PBXTargetDependency */,
			);
			name = YelpAndGoogleMapUITests;
			productName = YelpAndGoogleMapUITests;
			productReference = 226530641F07C36300B4EE67 /* YelpAndGoogleMapUITests.xctest */;
			productType = "com.apple.product-type.bundle.ui-testing";
		};
/* End PBXNativeTarget section */

/* Begin PBXProject section */
		2265303D1F07C36300B4EE67 /* Project object */ = {
			isa = PBXProject;
			attributes = {
				LastSwiftUpdateCheck = 0830;
				LastUpgradeCheck = 0830;
				ORGANIZATIONNAME = "Son Le";
				TargetAttributes = {
					226530441F07C36300B4EE67 = {
						CreatedOnToolsVersion = 8.3.3;
						DevelopmentTeam = 5368892W97;
						ProvisioningStyle = Automatic;
					};
					226530581F07C36300B4EE67 = {
						CreatedOnToolsVersion = 8.3.3;
						DevelopmentTeam = 5368892W97;
						ProvisioningStyle = Automatic;
						TestTargetID = 226530441F07C36300B4EE67;
					};
					226530631F07C36300B4EE67 = {
						CreatedOnToolsVersion = 8.3.3;
						DevelopmentTeam = 5368892W97;
						ProvisioningStyle = Automatic;
						TestTargetID = 226530441F07C36300B4EE67;
					};
				};
			};
			buildConfigurationList = 226530401F07C36300B4EE67 /* Build configuration list for PBXProject "YelpAndGoogleMap" */;
			compatibilityVersion = "Xcode 3.2";
			developmentRegion = English;
			hasScannedForEncodings = 0;
			knownRegions = (
				en,
				Base,
			);
			mainGroup = 2265303C1F07C36300B4EE67;
			productRefGroup = 226530461F07C36300B4EE67 /* Products */;
			projectDirPath = "";
			projectRoot = "";
			targets = (
				226530441F07C36300B4EE67 /* YelpAndGoogleMap */,
				226530581F07C36300B4EE67 /* YelpAndGoogleMapTests */,
				226530631F07C36300B4EE67 /* YelpAndGoogleMapUITests */,
			);
		};
/* End PBXProject section */

/* Begin PBXResourcesBuildPhase section */
		226530431F07C36300B4EE67 /* Resources */ = {
			isa = PBXResourcesBuildPhase;
			buildActionMask = 2147483647;
			files = (
				226530531F07C36300B4EE67 /* LaunchScreen.storyboard in Resources */,
				226530501F07C36300B4EE67 /* Assets.xcassets in Resources */,
				2265304E1F07C36300B4EE67 /* Main.storyboard in Resources */,
			);
			runOnlyForDeploymentPostprocessing = 0;
		};
		226530571F07C36300B4EE67 /* Resources */ = {
			isa = PBXResourcesBuildPhase;
			buildActionMask = 2147483647;
			files = (
			);
			runOnlyForDeploymentPostprocessing = 0;
		};
		226530621F07C36300B4EE67 /* Resources */ = {
			isa = PBXResourcesBuildPhase;
			buildActionMask = 2147483647;
			files = (
			);
			runOnlyForDeploymentPostprocessing = 0;
		};
/* End PBXResourcesBuildPhase section */

/* Begin PBXSourcesBuildPhase section */
		226530411F07C36300B4EE67 /* Sources */ = {
			isa = PBXSourcesBuildPhase;
			buildActionMask = 2147483647;
			files = (
				2265304B1F07C36300B4EE67 /* ViewController.swift in Sources */,
				226530491F07C36300B4EE67 /* AppDelegate.swift in Sources */,
			);
			runOnlyForDeploymentPostprocessing = 0;
		};
		226530551F07C36300B4EE67 /* Sources */ = {
			isa = PBXSourcesBuildPhase;
			buildActionMask = 2147483647;
			files = (
				2265305E1F07C36300B4EE67 /* YelpAndGoogleMapTests.swift in Sources */,
			);
			runOnlyForDeploymentPostprocessing = 0;
		};
		226530601F07C36300B4EE67 /* Sources */ = {
			isa = PBXSourcesBuildPhase;
			buildActionMask = 2147483647;
			files = (
				226530691F07C36300B4EE67 /* YelpAndGoogleMapUITests.swift in Sources */,
			);
			runOnlyForDeploymentPostprocessing = 0;
		};
/* End PBXSourcesBuildPhase section */

/* Begin PBXTargetDependency section */
		2265305B1F07C36300B4EE67 /* PBXTargetDependency */ = {
			isa = PBXTargetDependency;
			target = 226530441F07C36300B4EE67 /* YelpAndGoogleMap */;
			targetProxy = 2265305A1F07C36300B4EE67 /* PBXContainerItemProxy */;
		};
		226530661F07C36300B4EE67 /* PBXTargetDependency */ = {
			isa = PBXTargetDependency;
			target = 226530441F07C36300B4EE67 /* YelpAndGoogleMap */;
			targetProxy = 226530651F07C36300B4EE67 /* PBXContainerItemProxy */;
		};
/* End PBXTargetDependency section */

/* Begin PBXVariantGroup section */
		2265304C1F07C36300B4EE67 /* Main.storyboard */ = {
			isa = PBXVariantGroup;
			children = (
				2265304D1F07C36300B4EE67 /* Base */,
			);
			name = Main.storyboard;
			sourceTree = "<group>";
		};
		226530511F07C36300B4EE67 /* LaunchScreen.storyboard */ = {
			isa = PBXVariantGroup;
			children = (
				226530521F07C36300B4EE67 /* Base */,
			);
			name = LaunchScreen.storyboard;
			sourceTree = "<group>";
		};
/* End PBXVariantGroup section */

/* Begin XCBuildConfiguration section */
		2265306B1F07C36300B4EE67 /* Debug */ = {
			isa = XCBuildConfiguration;
			buildSettings = {
				ALWAYS_SEARCH_USER_PATHS = NO;
				CLANG_ANALYZER_NONNULL = YES;
				CLANG_ANALYZER_NUMBER_OBJECT_CONVERSION = YES_AGGRESSIVE;
				CLANG_CXX_LANGUAGE_STANDARD = "gnu++0x";
				CLANG_CXX_LIBRARY = "libc++";
				CLANG_ENABLE_MODULES = YES;
				CLANG_ENABLE_OBJC_ARC = YES;
				CLANG_WARN_BOOL_CONVERSION = YES;
				CLANG_WARN_CONSTANT_CONVERSION = YES;
				CLANG_WARN_DIRECT_OBJC_ISA_USAGE = YES_ERROR;
				CLANG_WARN_DOCUMENTATION_COMMENTS = YES;
				CLANG_WARN_EMPTY_BODY = YES;
				CLANG_WARN_ENUM_CONVERSION = YES;
				CLANG_WARN_INFINITE_RECURSION = YES;
				CLANG_WARN_INT_CONVERSION = YES;
				CLANG_WARN_OBJC_ROOT_CLASS = YES_ERROR;
				CLANG_WARN_SUSPICIOUS_MOVE = YES;
				CLANG_WARN_UNREACHABLE_CODE = YES;
				CLANG_WARN__DUPLICATE_METHOD_MATCH = YES;
				"CODE_SIGN_IDENTITY[sdk=iphoneos*]" = "iPhone Developer";
				COPY_PHASE_STRIP = NO;
				DEBUG_INFORMATION_FORMAT = dwarf;
				ENABLE_STRICT_OBJC_MSGSEND = YES;
				ENABLE_TESTABILITY = YES;
				GCC_C_LANGUAGE_STANDARD = gnu99;
				GCC_DYNAMIC_NO_PIC = NO;
				GCC_NO_COMMON_BLOCKS = YES;
				GCC_OPTIMIZATION_LEVEL = 0;
				GCC_PREPROCESSOR_DEFINITIONS = (
					"DEBUG=1",
					"$(inherited)",
				);
				GCC_WARN_64_TO_32_BIT_CONVERSION = YES;
				GCC_WARN_ABOUT_RETURN_TYPE = YES_ERROR;
				GCC_WARN_UNDECLARED_SELECTOR = YES;
				GCC_WARN_UNINITIALIZED_AUTOS = YES_AGGRESSIVE;
				GCC_WARN_UNUSED_FUNCTION = YES;
				GCC_WARN_UNUSED_VARIABLE = YES;
				IPHONEOS_DEPLOYMENT_TARGET = 10.3;
				MTL_ENABLE_DEBUG_INFO = YES;
				ONLY_ACTIVE_ARCH = YES;
				SDKROOT = iphoneos;
				SWIFT_ACTIVE_COMPILATION_CONDITIONS = DEBUG;
				SWIFT_OPTIMIZATION_LEVEL = "-Onone";
				TARGETED_DEVICE_FAMILY = "1,2";
			};
			name = Debug;
		};
		2265306C1F07C36300B4EE67 /* Release */ = {
			isa = XCBuildConfiguration;
			buildSettings = {
				ALWAYS_SEARCH_USER_PATHS = NO;
				CLANG_ANALYZER_NONNULL = YES;
				CLANG_ANALYZER_NUMBER_OBJECT_CONVERSION = YES_AGGRESSIVE;
				CLANG_CXX_LANGUAGE_STANDARD = "gnu++0x";
				CLANG_CXX_LIBRARY = "libc++";
				CLANG_ENABLE_MODULES = YES;
				CLANG_ENABLE_OBJC_ARC = YES;
				CLANG_WARN_BOOL_CONVERSION = YES;
				CLANG_WARN_CONSTANT_CONVERSION = YES;
				CLANG_WARN_DIRECT_OBJC_ISA_USAGE = YES_ERROR;
				CLANG_WARN_DOCUMENTATION_COMMENTS = YES;
				CLANG_WARN_EMPTY_BODY = YES;
				CLANG_WARN_ENUM_CONVERSION = YES;
				CLANG_WARN_INFINITE_RECURSION = YES;
				CLANG_WARN_INT_CONVERSION = YES;
				CLANG_WARN_OBJC_ROOT_CLASS = YES_ERROR;
				CLANG_WARN_SUSPICIOUS_MOVE = YES;
				CLANG_WARN_UNREACHABLE_CODE = YES;
				CLANG_WARN__DUPLICATE_METHOD_MATCH = YES;
				"CODE_SIGN_IDENTITY[sdk=iphoneos*]" = "iPhone Developer";
				COPY_PHASE_STRIP = NO;
				DEBUG_INFORMATION_FORMAT = "dwarf-with-dsym";
				ENABLE_NS_ASSERTIONS = NO;
				ENABLE_STRICT_OBJC_MSGSEND = YES;
				GCC_C_LANGUAGE_STANDARD = gnu99;
				GCC_NO_COMMON_BLOCKS = YES;
				GCC_WARN_64_TO_32_BIT_CONVERSION = YES;
				GCC_WARN_ABOUT_RETURN_TYPE = YES_ERROR;
				GCC_WARN_UNDECLARED_SELECTOR = YES;
				GCC_WARN_UNINITIALIZED_AUTOS = YES_AGGRESSIVE;
				GCC_WARN_UNUSED_FUNCTION = YES;
				GCC_WARN_UNUSED_VARIABLE = YES;
				IPHONEOS_DEPLOYMENT_TARGET = 10.3;
				MTL_ENABLE_DEBUG_INFO = NO;
				SDKROOT = iphoneos;
				SWIFT_OPTIMIZATION_LEVEL = "-Owholemodule";
				TARGETED_DEVICE_FAMILY = "1,2";
				VALIDATE_PRODUCT = YES;
			};
			name = Release;
		};
		2265306E1F07C36300B4EE67 /* Debug */ = {
			isa = XCBuildConfiguration;
			buildSettings = {
				ASSETCATALOG_COMPILER_APPICON_NAME = AppIcon;
				DEVELOPMENT_TEAM = 5368892W97;
				INFOPLIST_FILE = YelpAndGoogleMap/Info.plist;
				LD_RUNPATH_SEARCH_PATHS = "$(inherited) @executable_path/Frameworks";
				PRODUCT_BUNDLE_IDENTIFIER = com.nostel.YelpAndGoogleMap;
				PRODUCT_NAME = "$(TARGET_NAME)";
				SWIFT_VERSION = 3.0;
			};
			name = Debug;
		};
		2265306F1F07C36300B4EE67 /* Release */ = {
			isa = XCBuildConfiguration;
			buildSettings = {
				ASSETCATALOG_COMPILER_APPICON_NAME = AppIcon;
				DEVELOPMENT_TEAM = 5368892W97;
				INFOPLIST_FILE = YelpAndGoogleMap/Info.plist;
				LD_RUNPATH_SEARCH_PATHS = "$(inherited) @executable_path/Frameworks";
				PRODUCT_BUNDLE_IDENTIFIER = com.nostel.YelpAndGoogleMap;
				PRODUCT_NAME = "$(TARGET_NAME)";
				SWIFT_VERSION = 3.0;
			};
			name = Release;
		};
		226530711F07C36300B4EE67 /* Debug */ = {
			isa = XCBuildConfiguration;
			buildSettings = {
				ALWAYS_EMBED_SWIFT_STANDARD_LIBRARIES = YES;
				BUNDLE_LOADER = "$(TEST_HOST)";
				DEVELOPMENT_TEAM = 5368892W97;
				INFOPLIST_FILE = YelpAndGoogleMapTests/Info.plist;
				LD_RUNPATH_SEARCH_PATHS = "$(inherited) @executable_path/Frameworks @loader_path/Frameworks";
				PRODUCT_BUNDLE_IDENTIFIER = com.nostel.YelpAndGoogleMapTests;
				PRODUCT_NAME = "$(TARGET_NAME)";
				SWIFT_VERSION = 3.0;
				TEST_HOST = "$(BUILT_PRODUCTS_DIR)/YelpAndGoogleMap.app/YelpAndGoogleMap";
			};
			name = Debug;
		};
		226530721F07C36300B4EE67 /* Release */ = {
			isa = XCBuildConfiguration;
			buildSettings = {
				ALWAYS_EMBED_SWIFT_STANDARD_LIBRARIES = YES;
				BUNDLE_LOADER = "$(TEST_HOST)";
				DEVELOPMENT_TEAM = 5368892W97;
				INFOPLIST_FILE = YelpAndGoogleMapTests/Info.plist;
				LD_RUNPATH_SEARCH_PATHS = "$(inherited) @executable_path/Frameworks @loader_path/Frameworks";
				PRODUCT_BUNDLE_IDENTIFIER = com.nostel.YelpAndGoogleMapTests;
				PRODUCT_NAME = "$(TARGET_NAME)";
				SWIFT_VERSION = 3.0;
				TEST_HOST = "$(BUILT_PRODUCTS_DIR)/YelpAndGoogleMap.app/YelpAndGoogleMap";
			};
			name = Release;
		};
		226530741F07C36300B4EE67 /* Debug */ = {
			isa = XCBuildConfiguration;
			buildSettings = {
				ALWAYS_EMBED_SWIFT_STANDARD_LIBRARIES = YES;
				DEVELOPMENT_TEAM = 5368892W97;
				INFOPLIST_FILE = YelpAndGoogleMapUITests/Info.plist;
				LD_RUNPATH_SEARCH_PATHS = "$(inherited) @executable_path/Frameworks @loader_path/Frameworks";
				PRODUCT_BUNDLE_IDENTIFIER = com.nostel.YelpAndGoogleMapUITests;
				PRODUCT_NAME = "$(TARGET_NAME)";
				SWIFT_VERSION = 3.0;
				TEST_TARGET_NAME = YelpAndGoogleMap;
			};
			name = Debug;
		};
		226530751F07C36300B4EE67 /* Release */ = {
			isa = XCBuildConfiguration;
			buildSettings = {
				ALWAYS_EMBED_SWIFT_STANDARD_LIBRARIES = YES;
				DEVELOPMENT_TEAM = 5368892W97;
				INFOPLIST_FILE = YelpAndGoogleMapUITests/Info.plist;
				LD_RUNPATH_SEARCH_PATHS = "$(inherited) @executable_path/Frameworks @loader_path/Frameworks";
				PRODUCT_BUNDLE_IDENTIFIER = com.nostel.YelpAndGoogleMapUITests;
				PRODUCT_NAME = "$(TARGET_NAME)";
				SWIFT_VERSION = 3.0;
				TEST_TARGET_NAME = YelpAndGoogleMap;
			};
			name = Release;
		};
/* End XCBuildConfiguration section */

/* Begin XCConfigurationList section */
		226530401F07C36300B4EE67 /* Build configuration list for PBXProject "YelpAndGoogleMap" */ = {
			isa = XCConfigurationList;
			buildConfigurations = (
				2265306B1F07C36300B4EE67 /* Debug */,
				2265306C1F07C36300B4EE67 /* Release */,
			);
			defaultConfigurationIsVisible = 0;
			defaultConfigurationName = Release;
		};
		2265306D1F07C36300B4EE67 /* Build configuration list for PBXNativeTarget "YelpAndGoogleMap" */ = {
			isa = XCConfigurationList;
			buildConfigurations = (
				2265306E1F07C36300B4EE67 /* Debug */,
				2265306F1F07C36300B4EE67 /* Release */,
			);
			defaultConfigurationIsVisible = 0;
		};
		226530701F07C36300B4EE67 /* Build configuration list for PBXNativeTarget "YelpAndGoogleMapTests" */ = {
			isa = XCConfigurationList;
			buildConfigurations = (
				226530711F07C36300B4EE67 /* Debug */,
				226530721F07C36300B4EE67 /* Release */,
			);
			defaultConfigurationIsVisible = 0;
		};
		226530731F07C36300B4EE67 /* Build configuration list for PBXNativeTarget "YelpAndGoogleMapUITests" */ = {
			isa = XCConfigurationList;
			buildConfigurations = (
				226530741F07C36300B4EE67 /* Debug */,
				226530751F07C36300B4EE67 /* Release */,
			);
			defaultConfigurationIsVisible = 0;
		};
/* End XCConfigurationList section */
	};
	rootObject = 2265303D1F07C36300B4EE67 /* Project object */;
}
